
Microsoft Visual Studio Solution File, Format Version 12.00
# Visual Studio Version 16
VisualStudioVersion = 16.0.31605.320
MinimumVisualStudioVersion = 10.0.40219.1
Project("{FAE04EC0-301F-11D3-BF4B-00C04F79EFBC}") = "AParkDispetcher", "AParkDispetcher\AParkDispetcher.csproj", "{8C75B629-8975-4E42-826F-224DA02BB832}"
EndProject
Global
	GlobalSection(SolutionConfigurationPlatforms) = preSolution
		Debug|Any CPU = Debug|Any CPU
		Release|Any CPU = Release|Any CPU
	EndGlobalSection
	GlobalSection(ProjectConfigurationPlatforms) = postSolution
		{8C75B629-8975-4E42-826F-224DA02BB832}.Debug|Any CPU.ActiveCfg = Debug|Any CPU
		{8C75B629-8975-4E42-826F-224DA02BB832}.Release|Any CPU.ActiveCfg = Release|Any CPU
		{8C75B629-8975-4E42-826F-224DA02BB832}.Release|Any CPU.Build.0 = Release|Any CPU
	EndGlobalSection
	GlobalSection(SolutionProperties) = preSolution
		HideSolutionNode = FALSE
	EndGlobalSection
	GlobalSection(ExtensibilityGlobals) = postSolution
		SolutionGuid = {CA3531C1-BE32-4AEB-80E0-BFCEAFC00E4A}
	EndGlobalSection
EndGlobal
